
Microsoft Visual Studio Solution File, Format Version 12.00
Project("{2150E333-8FDC-42A3-9474-1A3956D46DE8}") = "2023", "2023", "{DEF0BA6C-823F-4B88-99A9-432D943ABE0B}"
EndProject
Project("{FAE04EC0-301F-11D3-BF4B-00C04F79EFBC}") = "Day1", "2023\Day1\Day1.csproj", "{44384AA9-F429-4578-A0A7-E725F6219DAF}"
EndProject
Project("{FAE04EC0-301F-11D3-BF4B-00C04F79EFBC}") = "Day2", "2023\Day2\Day2.csproj", "{56A67F36-3754-4B0E-B64A-F0CA89F7995A}"
EndProject
Project("{FAE04EC0-301F-11D3-BF4B-00C04F79EFBC}") = "Day3", "2023\Day3\Day3.csproj", "{5132BC9C-B4B6-4BD7-8128-1FACA3DDF253}"
EndProject
Project("{FAE04EC0-301F-11D3-BF4B-00C04F79EFBC}") = "Day4", "2023\Day4\Day4.csproj", "{A47EA33D-0D2A-43DF-BA9C-6CED87631B15}"
EndProject
Project("{FAE04EC0-301F-11D3-BF4B-00C04F79EFBC}") = "Day5", "2023\Day5\Day5.csproj", "{550121AA-CD56-4538-9A2C-116D4774B9F5}"
EndProject
Project("{FAE04EC0-301F-11D3-BF4B-00C04F79EFBC}") = "Day6", "2023\Day6\Day6.csproj", "{14F05BDE-B1B4-45C8-BC0A-A91FA805B9E8}"
EndProject
Project("{FAE04EC0-301F-11D3-BF4B-00C04F79EFBC}") = "Day7", "2023\Day7\Day7.csproj", "{53195745-30CA-40E7-9402-B70B3F1C328C}"
EndProject
Project("{FAE04EC0-301F-11D3-BF4B-00C04F79EFBC}") = "Day8", "2023\Day8\Day8.csproj", "{60AAD227-1FCD-47CC-B44E-CA91BD1228E7}"
EndProject
Project("{FAE04EC0-301F-11D3-BF4B-00C04F79EFBC}") = "Day9", "2023\Day9\Day9.csproj", "{1E3CC84E-563C-4F08-9502-8CB204752F5D}"
EndProject
Project("{FAE04EC0-301F-11D3-BF4B-00C04F79EFBC}") = "Day10", "2023\Day10\Day10.csproj", "{3CF51E47-AC74-4D11-AC2D-2ABA09F16111}"
EndProject
Project("{FAE04EC0-301F-11D3-BF4B-00C04F79EFBC}") = "Day11", "2023\Day11\Day11.csproj", "{B71666EF-32ED-475C-A19D-F51E7CE850E6}"
EndProject
Project("{FAE04EC0-301F-11D3-BF4B-00C04F79EFBC}") = "Day12", "2023\Day12\Day12.csproj", "{A66FDC08-AC69-491F-AE32-0BC4A0EC23DD}"
EndProject
Project("{2150E333-8FDC-42A3-9474-1A3956D46DE8}") = "2024", "2024", "{96B033B6-64AB-476D-8754-3FF6B3ED3AD7}"
EndProject
Project("{FAE04EC0-301F-11D3-BF4B-00C04F79EFBC}") = "Day1", "2024\Day1\Day1.csproj", "{00BA6A51-51C0-4E41-B6F2-BF71B1668961}"
EndProject
Project("{2150E333-8FDC-42A3-9474-1A3956D46DE8}") = "2021", "2021", "{2EFC0B20-E0B2-428D-B572-623B20519588}"
EndProject
Project("{FAE04EC0-301F-11D3-BF4B-00C04F79EFBC}") = "Day1", "2021\Day1\Day1.csproj", "{E4BA3E93-5AAE-436C-A6E2-E2D1F7263735}"
EndProject
Project("{FAE04EC0-301F-11D3-BF4B-00C04F79EFBC}") = "Day2", "2021\Day2\Day2.csproj", "{83054155-3743-4DDC-B063-5AE23DF70075}"
EndProject
Project("{FAE04EC0-301F-11D3-BF4B-00C04F79EFBC}") = "Day3", "2021\Day3\Day3.csproj", "{E697BF33-3E77-4B1D-8E9E-8D1EBD252F13}"
EndProject
Global
	GlobalSection(SolutionConfigurationPlatforms) = preSolution
		Debug|Any CPU = Debug|Any CPU
		Release|Any CPU = Release|Any CPU
	EndGlobalSection
	GlobalSection(NestedProjects) = preSolution
		{44384AA9-F429-4578-A0A7-E725F6219DAF} = {DEF0BA6C-823F-4B88-99A9-432D943ABE0B}
		{56A67F36-3754-4B0E-B64A-F0CA89F7995A} = {DEF0BA6C-823F-4B88-99A9-432D943ABE0B}
		{5132BC9C-B4B6-4BD7-8128-1FACA3DDF253} = {DEF0BA6C-823F-4B88-99A9-432D943ABE0B}
		{A47EA33D-0D2A-43DF-BA9C-6CED87631B15} = {DEF0BA6C-823F-4B88-99A9-432D943ABE0B}
		{550121AA-CD56-4538-9A2C-116D4774B9F5} = {DEF0BA6C-823F-4B88-99A9-432D943ABE0B}
		{14F05BDE-B1B4-45C8-BC0A-A91FA805B9E8} = {DEF0BA6C-823F-4B88-99A9-432D943ABE0B}
		{53195745-30CA-40E7-9402-B70B3F1C328C} = {DEF0BA6C-823F-4B88-99A9-432D943ABE0B}
		{60AAD227-1FCD-47CC-B44E-CA91BD1228E7} = {DEF0BA6C-823F-4B88-99A9-432D943ABE0B}
		{1E3CC84E-563C-4F08-9502-8CB204752F5D} = {DEF0BA6C-823F-4B88-99A9-432D943ABE0B}
		{3CF51E47-AC74-4D11-AC2D-2ABA09F16111} = {DEF0BA6C-823F-4B88-99A9-432D943ABE0B}
		{B71666EF-32ED-475C-A19D-F51E7CE850E6} = {DEF0BA6C-823F-4B88-99A9-432D943ABE0B}
		{A66FDC08-AC69-491F-AE32-0BC4A0EC23DD} = {DEF0BA6C-823F-4B88-99A9-432D943ABE0B}
		{00BA6A51-51C0-4E41-B6F2-BF71B1668961} = {96B033B6-64AB-476D-8754-3FF6B3ED3AD7}
		{E4BA3E93-5AAE-436C-A6E2-E2D1F7263735} = {2EFC0B20-E0B2-428D-B572-623B20519588}
		{83054155-3743-4DDC-B063-5AE23DF70075} = {2EFC0B20-E0B2-428D-B572-623B20519588}
		{E697BF33-3E77-4B1D-8E9E-8D1EBD252F13} = {2EFC0B20-E0B2-428D-B572-623B20519588}
	EndGlobalSection
	GlobalSection(ProjectConfigurationPlatforms) = postSolution
		{44384AA9-F429-4578-A0A7-E725F6219DAF}.Debug|Any CPU.ActiveCfg = Debug|Any CPU
		{44384AA9-F429-4578-A0A7-E725F6219DAF}.Debug|Any CPU.Build.0 = Debug|Any CPU
		{44384AA9-F429-4578-A0A7-E725F6219DAF}.Release|Any CPU.ActiveCfg = Release|Any CPU
		{44384AA9-F429-4578-A0A7-E725F6219DAF}.Release|Any CPU.Build.0 = Release|Any CPU
		{56A67F36-3754-4B0E-B64A-F0CA89F7995A}.Debug|Any CPU.ActiveCfg = Debug|Any CPU
		{56A67F36-3754-4B0E-B64A-F0CA89F7995A}.Debug|Any CPU.Build.0 = Debug|Any CPU
		{56A67F36-3754-4B0E-B64A-F0CA89F7995A}.Release|Any CPU.ActiveCfg = Release|Any CPU
		{56A67F36-3754-4B0E-B64A-F0CA89F7995A}.Release|Any CPU.Build.0 = Release|Any CPU
		{5132BC9C-B4B6-4BD7-8128-1FACA3DDF253}.Debug|Any CPU.ActiveCfg = Debug|Any CPU
		{5132BC9C-B4B6-4BD7-8128-1FACA3DDF253}.Debug|Any CPU.Build.0 = Debug|Any CPU
		{5132BC9C-B4B6-4BD7-8128-1FACA3DDF253}.Release|Any CPU.ActiveCfg = Release|Any CPU
		{5132BC9C-B4B6-4BD7-8128-1FACA3DDF253}.Release|Any CPU.Build.0 = Release|Any CPU
		{A47EA33D-0D2A-43DF-BA9C-6CED87631B15}.Debug|Any CPU.ActiveCfg = Debug|Any CPU
		{A47EA33D-0D2A-43DF-BA9C-6CED87631B15}.Debug|Any CPU.Build.0 = Debug|Any CPU
		{A47EA33D-0D2A-43DF-BA9C-6CED87631B15}.Release|Any CPU.ActiveCfg = Release|Any CPU
		{A47EA33D-0D2A-43DF-BA9C-6CED87631B15}.Release|Any CPU.Build.0 = Release|Any CPU
		{550121AA-CD56-4538-9A2C-116D4774B9F5}.Debug|Any CPU.ActiveCfg = Debug|Any CPU
		{550121AA-CD56-4538-9A2C-116D4774B9F5}.Debug|Any CPU.Build.0 = Debug|Any CPU
		{550121AA-CD56-4538-9A2C-116D4774B9F5}.Release|Any CPU.ActiveCfg = Release|Any CPU
		{550121AA-CD56-4538-9A2C-116D4774B9F5}.Release|Any CPU.Build.0 = Release|Any CPU
		{14F05BDE-B1B4-45C8-BC0A-A91FA805B9E8}.Debug|Any CPU.ActiveCfg = Debug|Any CPU
		{14F05BDE-B1B4-45C8-BC0A-A91FA805B9E8}.Debug|Any CPU.Build.0 = Debug|Any CPU
		{14F05BDE-B1B4-45C8-BC0A-A91FA805B9E8}.Release|Any CPU.ActiveCfg = Release|Any CPU
		{14F05BDE-B1B4-45C8-BC0A-A91FA805B9E8}.Release|Any CPU.Build.0 = Release|Any CPU
		{53195745-30CA-40E7-9402-B70B3F1C328C}.Debug|Any CPU.ActiveCfg = Debug|Any CPU
		{53195745-30CA-40E7-9402-B70B3F1C328C}.Debug|Any CPU.Build.0 = Debug|Any CPU
		{53195745-30CA-40E7-9402-B70B3F1C328C}.Release|Any CPU.ActiveCfg = Release|Any CPU
		{53195745-30CA-40E7-9402-B70B3F1C328C}.Release|Any CPU.Build.0 = Release|Any CPU
		{60AAD227-1FCD-47CC-B44E-CA91BD1228E7}.Debug|Any CPU.ActiveCfg = Debug|Any CPU
		{60AAD227-1FCD-47CC-B44E-CA91BD1228E7}.Debug|Any CPU.Build.0 = Debug|Any CPU
		{60AAD227-1FCD-47CC-B44E-CA91BD1228E7}.Release|Any CPU.ActiveCfg = Release|Any CPU
		{60AAD227-1FCD-47CC-B44E-CA91BD1228E7}.Release|Any CPU.Build.0 = Release|Any CPU
		{1E3CC84E-563C-4F08-9502-8CB204752F5D}.Debug|Any CPU.ActiveCfg = Debug|Any CPU
		{1E3CC84E-563C-4F08-9502-8CB204752F5D}.Debug|Any CPU.Build.0 = Debug|Any CPU
		{1E3CC84E-563C-4F08-9502-8CB204752F5D}.Release|Any CPU.ActiveCfg = Release|Any CPU
		{1E3CC84E-563C-4F08-9502-8CB204752F5D}.Release|Any CPU.Build.0 = Release|Any CPU
		{3CF51E47-AC74-4D11-AC2D-2ABA09F16111}.Debug|Any CPU.ActiveCfg = Debug|Any CPU
		{3CF51E47-AC74-4D11-AC2D-2ABA09F16111}.Debug|Any CPU.Build.0 = Debug|Any CPU
		{3CF51E47-AC74-4D11-AC2D-2ABA09F16111}.Release|Any CPU.ActiveCfg = Release|Any CPU
		{3CF51E47-AC74-4D11-AC2D-2ABA09F16111}.Release|Any CPU.Build.0 = Release|Any CPU
		{B71666EF-32ED-475C-A19D-F51E7CE850E6}.Debug|Any CPU.ActiveCfg = Debug|Any CPU
		{B71666EF-32ED-475C-A19D-F51E7CE850E6}.Debug|Any CPU.Build.0 = Debug|Any CPU
		{B71666EF-32ED-475C-A19D-F51E7CE850E6}.Release|Any CPU.ActiveCfg = Release|Any CPU
		{B71666EF-32ED-475C-A19D-F51E7CE850E6}.Release|Any CPU.Build.0 = Release|Any CPU
		{A66FDC08-AC69-491F-AE32-0BC4A0EC23DD}.Debug|Any CPU.ActiveCfg = Debug|Any CPU
		{A66FDC08-AC69-491F-AE32-0BC4A0EC23DD}.Debug|Any CPU.Build.0 = Debug|Any CPU
		{A66FDC08-AC69-491F-AE32-0BC4A0EC23DD}.Release|Any CPU.ActiveCfg = Release|Any CPU
		{A66FDC08-AC69-491F-AE32-0BC4A0EC23DD}.Release|Any CPU.Build.0 = Release|Any CPU
		{00BA6A51-51C0-4E41-B6F2-BF71B1668961}.Debug|Any CPU.ActiveCfg = Debug|Any CPU
		{00BA6A51-51C0-4E41-B6F2-BF71B1668961}.Debug|Any CPU.Build.0 = Debug|Any CPU
		{00BA6A51-51C0-4E41-B6F2-BF71B1668961}.Release|Any CPU.ActiveCfg = Release|Any CPU
		{00BA6A51-51C0-4E41-B6F2-BF71B1668961}.Release|Any CPU.Build.0 = Release|Any CPU
		{E4BA3E93-5AAE-436C-A6E2-E2D1F7263735}.Debug|Any CPU.ActiveCfg = Debug|Any CPU
		{E4BA3E93-5AAE-436C-A6E2-E2D1F7263735}.Debug|Any CPU.Build.0 = Debug|Any CPU
		{E4BA3E93-5AAE-436C-A6E2-E2D1F7263735}.Release|Any CPU.ActiveCfg = Release|Any CPU
		{E4BA3E93-5AAE-436C-A6E2-E2D1F7263735}.Release|Any CPU.Build.0 = Release|Any CPU
		{83054155-3743-4DDC-B063-5AE23DF70075}.Debug|Any CPU.ActiveCfg = Debug|Any CPU
		{83054155-3743-4DDC-B063-5AE23DF70075}.Debug|Any CPU.Build.0 = Debug|Any CPU
		{83054155-3743-4DDC-B063-5AE23DF70075}.Release|Any CPU.ActiveCfg = Release|Any CPU
		{83054155-3743-4DDC-B063-5AE23DF70075}.Release|Any CPU.Build.0 = Release|Any CPU
		{E697BF33-3E77-4B1D-8E9E-8D1EBD252F13}.Debug|Any CPU.ActiveCfg = Debug|Any CPU
		{E697BF33-3E77-4B1D-8E9E-8D1EBD252F13}.Debug|Any CPU.Build.0 = Debug|Any CPU
		{E697BF33-3E77-4B1D-8E9E-8D1EBD252F13}.Release|Any CPU.ActiveCfg = Release|Any CPU
		{E697BF33-3E77-4B1D-8E9E-8D1EBD252F13}.Release|Any CPU.Build.0 = Release|Any CPU
	EndGlobalSection
EndGlobal
